// !$*UTF8*$!
{
	archiveVersion = 1;
	classes = {
	};
	objectVersion = 46;
	objects = {

/* Begin PBXBuildFile section */
		E63D261E13ABBC2B00138818 /* Foundation.framework in Frameworks */ = {isa = PBXBuildFile; fileRef = E63D261D13ABBC2B00138818 /* Foundation.framework */; };
		E63D262113ABBC2B00138818 /* main.m in Sources */ = {isa = PBXBuildFile; fileRef = E63D262013ABBC2B00138818 /* main.m */; };
/* End PBXBuildFile section */

/* Begin PBXCopyFilesBuildPhase section */
		E63D261713ABBC2B00138818 /* CopyFiles */ = {
			isa = PBXCopyFilesBuildPhase;
			buildActionMask = 2147483647;
			dstPath = /usr/share/man/man1/;
			dstSubfolderSpec = 0;
			files = (
			);
			runOnlyForDeploymentPostprocessing = 1;
		};
/* End PBXCopyFilesBuildPhase section */

/* Begin PBXFileReference section */
		E63D261913ABBC2B00138818 /* Breaker Breaker */ = {isa = PBXFileReference; explicitFileType = "compiled.mach-o.executable"; includeInIndex = 0; path = "Breaker Breaker"; sourceTree = BUILT_PRODUCTS_DIR; };
		E63D261D13ABBC2B00138818 /* Foundation.framework */ = {isa = PBXFileReference; lastKnownFileType = wrapper.framework; name = Foundation.framework; path = System/Library/Frameworks/Foundation.framework; sourceTree = SDKROOT; };
		E63D262013ABBC2B00138818 /* main.m */ = {isa = PBXFileReference; lastKnownFileType = sourcecode.c.objc; path = main.m; sourceTree = "<group>"; };
		E63D262313ABBC2B00138818 /* Breaker Breaker-Prefix.pch */ = {isa = PBXFileReference; lastKnownFileType = sourcecode.c.h; path = "Breaker Breaker-Prefix.pch"; sourceTree = "<group>"; };
		E63D262413ABBC2B00138818 /* Breaker_Breaker.1 */ = {isa = PBXFileReference; lastKnownFileType = text.man; path = Breaker_Breaker.1; sourceTree = "<group>"; };
/* End PBXFileReference section */

/* Begin PBXFrameworksBuildPhase section */
		E63D261613ABBC2B00138818 /* Frameworks */ = {
			isa = PBXFrameworksBuildPhase;
			buildActionMask = 2147483647;
			files = (
				E63D261E13ABBC2B00138818 /* Foundation.framework in Frameworks */,
			);
			runOnlyForDeploymentPostprocessing = 0;
		};
/* End PBXFrameworksBuildPhase section */

/* Begin PBXGroup section */
		E63D260E13ABBC2B00138818 = {
			isa = PBXGroup;
			children = (
				E63D261F13ABBC2B00138818 /* Breaker Breaker */,
				E63D261C13ABBC2B00138818 /* Frameworks */,
				E63D261A13ABBC2B00138818 /* Products */,
			);
			sourceTree = "<group>";
		};
		E63D261A13ABBC2B00138818 /* Products */ = {
			isa = PBXGroup;
			children = (
				E63D261913ABBC2B00138818 /* Breaker Breaker */,
			);
			name = Products;
			sourceTree = "<group>";
		};
		E63D261C13ABBC2B00138818 /* Frameworks */ = {
			isa = PBXGroup;
			children = (
				E63D261D13ABBC2B00138818 /* Foundation.framework */,
			);
			name = Frameworks;
			sourceTree = "<group>";
		};
		E63D261F13ABBC2B00138818 /* Breaker Breaker */ = {
			isa = PBXGroup;
			children = (
				E63D262013ABBC2B00138818 /* main.m */,
				E63D262413ABBC2B00138818 /* Breaker_Breaker.1 */,
				E63D262213ABBC2B00138818 /* Supporting Files */,
			);
			path = "Breaker Breaker";
			sourceTree = "<group>";
		};
		E63D262213ABBC2B00138818 /* Supporting Files */ = {
			isa = PBXGroup;
			children = (
				E63D262313ABBC2B00138818 /* Breaker Breaker-Prefix.pch */,
			);
			name = "Supporting Files";
			sourceTree = "<group>";
		};
/* End PBXGroup section */

/* Begin PBXNativeTarget section */
		E63D261813ABBC2B00138818 /* Breaker Breaker */ = {
			isa = PBXNativeTarget;
			buildConfigurationList = E63D262713ABBC2B00138818 /* Build configuration list for PBXNativeTarget "Breaker Breaker" */;
			buildPhases = (
				E63D261513ABBC2B00138818 /* Sources */,
				E63D261613ABBC2B00138818 /* Frameworks */,
				E63D261713ABBC2B00138818 /* CopyFiles */,
			);
			buildRules = (
			);
			dependencies = (
			);
			name = "Breaker Breaker";
			productName = "Breaker Breaker";
			productReference = E63D261913ABBC2B00138818 /* Breaker Breaker */;
			productType = "com.apple.product-type.tool";
		};
/* End PBXNativeTarget section */

/* Begin PBXProject section */
		E63D261013ABBC2B00138818 /* Project object */ = {
			isa = PBXProject;
			attributes = {
				ORGANIZATIONNAME = "Progressive Insurance";
			};
			buildConfigurationList = E63D261313ABBC2B00138818 /* Build configuration list for PBXProject "Breaker Breaker" */;
			compatibilityVersion = "Xcode 3.2";
			developmentRegion = English;
			hasScannedForEncodings = 0;
			knownRegions = (
				en,
			);
			mainGroup = E63D260E13ABBC2B00138818;
			productRefGroup = E63D261A13ABBC2B00138818 /* Products */;
			projectDirPath = "";
			projectRoot = "";
			targets = (
				E63D261813ABBC2B00138818 /* Breaker Breaker */,
			);
		};
/* End PBXProject section */

/* Begin PBXSourcesBuildPhase section */
		E63D261513ABBC2B00138818 /* Sources */ = {
			isa = PBXSourcesBuildPhase;
			buildActionMask = 2147483647;
			files = (
				E63D262113ABBC2B00138818 /* main.m in Sources */,
			);
			runOnlyForDeploymentPostprocessing = 0;
		};
/* End PBXSourcesBuildPhase section */

/* Begin XCBuildConfiguration section */
		E63D262513ABBC2B00138818 /* Debug */ = {
			isa = XCBuildConfiguration;
			buildSettings = {
				ARCHS = "$(ARCHS_STANDARD_32_64_BIT)";
				GCC_C_LANGUAGE_STANDARD = gnu99;
				GCC_OPTIMIZATION_LEVEL = 0;
				GCC_PREPROCESSOR_DEFINITIONS = DEBUG;
				GCC_SYMBOLS_PRIVATE_EXTERN = NO;
				GCC_VERSION = com.apple.compilers.llvm.clang.1_0;
				GCC_WARN_64_TO_32_BIT_CONVERSION = YES;
				GCC_WARN_ABOUT_RETURN_TYPE = YES;
				GCC_WARN_UNUSED_VARIABLE = YES;
				MACOSX_DEPLOYMENT_TARGET = 10.6;
				ONLY_ACTIVE_ARCH = YES;
				SDKROOT = macosx;
			};
			name = Debug;
		};
		E63D262613ABBC2B00138818 /* Release */ = {
			isa = XCBuildConfiguration;
			buildSettings = {
				ARCHS = "$(ARCHS_STANDARD_32_64_BIT)";
				GCC_C_LANGUAGE_STANDARD = gnu99;
				GCC_VERSION = com.apple.compilers.llvm.clang.1_0;
				GCC_WARN_64_TO_32_BIT_CONVERSION = YES;
				GCC_WARN_ABOUT_RETURN_TYPE = YES;
				GCC_WARN_UNUSED_VARIABLE = YES;
				MACOSX_DEPLOYMENT_TARGET = 10.6;
				SDKROOT = macosx;
			};
			name = Release;
		};
		E63D262813ABBC2B00138818 /* Debug */ = {
			isa = XCBuildConfiguration;
			buildSettings = {
				ALWAYS_SEARCH_USER_PATHS = NO;
				COPY_PHASE_STRIP = NO;
				GCC_DYNAMIC_NO_PIC = NO;
				GCC_ENABLE_OBJC_EXCEPTIONS = YES;
				GCC_PRECOMPILE_PREFIX_HEADER = YES;
				GCC_PREFIX_HEADER = "Breaker Breaker/Breaker Breaker-Prefix.pch";
				PRODUCT_NAME = "$(TARGET_NAME)";
			};
			name = Debug;
		};
		E63D262913ABBC2B00138818 /* Release */ = {
			isa = XCBuildConfiguration;
			buildSettings = {
				ALWAYS_SEARCH_USER_PATHS = NO;
				COPY_PHASE_STRIP = YES;
				DEBUG_INFORMATION_FORMAT = "dwarf-with-dsym";
				GCC_ENABLE_OBJC_EXCEPTIONS = YES;
				GCC_PRECOMPILE_PREFIX_HEADER = YES;
				GCC_PREFIX_HEADER = "Breaker Breaker/Breaker Breaker-Prefix.pch";
				PRODUCT_NAME = "$(TARGET_NAME)";
			};
			name = Release;
		};
/* End XCBuildConfiguration section */

/* Begin XCConfigurationList section */
		E63D261313ABBC2B00138818 /* Build configuration list for PBXProject "Breaker Breaker" */ = {
			isa = XCConfigurationList;
			buildConfigurations = (
				E63D262513ABBC2B00138818 /* Debug */,
				E63D262613ABBC2B00138818 /* Release */,
			);
			defaultConfigurationIsVisible = 0;
			defaultConfigurationName = Release;
		};
		E63D262713ABBC2B00138818 /* Build configuration list for PBXNativeTarget "Breaker Breaker" */ = {
			isa = XCConfigurationList;
			buildConfigurations = (
				E63D262813ABBC2B00138818 /* Debug */,
				E63D262913ABBC2B00138818 /* Release */,
			);
			defaultConfigurationIsVisible = 0;
		};
/* End XCConfigurationList section */
	};
	rootObject = E63D261013ABBC2B00138818 /* Project object */;
}
