// !$*UTF8*$!
{
	archiveVersion = 1;
	classes = {
	};
	objectVersion = 46;
	objects = {

/* Begin PBXBuildFile section */
		E63D264213ABCBE200138818 /* UIKit.framework in Frameworks */ = {isa = PBXBuildFile; fileRef = E63D264113ABCBE200138818 /* UIKit.framework */; };
		E63D264413ABCBE200138818 /* Foundation.framework in Frameworks */ = {isa = PBXBuildFile; fileRef = E63D264313ABCBE200138818 /* Foundation.framework */; };
		E63D264613ABCBE200138818 /* CoreGraphics.framework in Frameworks */ = {isa = PBXBuildFile; fileRef = E63D264513ABCBE200138818 /* CoreGraphics.framework */; };
		E63D264C13ABCBE200138818 /* InfoPlist.strings in Resources */ = {isa = PBXBuildFile; fileRef = E63D264A13ABCBE200138818 /* InfoPlist.strings */; };
		E63D264F13ABCBE200138818 /* main.m in Sources */ = {isa = PBXBuildFile; fileRef = E63D264E13ABCBE200138818 /* main.m */; };
		E63D265213ABCBE200138818 /* Hi_My_Name_IsAppDelegate.m in Sources */ = {isa = PBXBuildFile; fileRef = E63D265113ABCBE200138818 /* Hi_My_Name_IsAppDelegate.m */; };
		E63D265513ABCBE200138818 /* MainWindow.xib in Resources */ = {isa = PBXBuildFile; fileRef = E63D265313ABCBE200138818 /* MainWindow.xib */; };
		E63D265813ABCBE200138818 /* Hi_My_Name_IsViewController.m in Sources */ = {isa = PBXBuildFile; fileRef = E63D265713ABCBE200138818 /* Hi_My_Name_IsViewController.m */; };
		E63D265B13ABCBE200138818 /* Hi_My_Name_IsViewController.xib in Resources */ = {isa = PBXBuildFile; fileRef = E63D265913ABCBE200138818 /* Hi_My_Name_IsViewController.xib */; };
		E63D266313ABCC1000138818 /* Register.m in Sources */ = {isa = PBXBuildFile; fileRef = E63D266213ABCC1000138818 /* Register.m */; };
/* End PBXBuildFile section */

/* Begin PBXFileReference section */
		E63D263D13ABCBE200138818 /* Hi My Name Is.app */ = {isa = PBXFileReference; explicitFileType = wrapper.application; includeInIndex = 0; path = "Hi My Name Is.app"; sourceTree = BUILT_PRODUCTS_DIR; };
		E63D264113ABCBE200138818 /* UIKit.framework */ = {isa = PBXFileReference; lastKnownFileType = wrapper.framework; name = UIKit.framework; path = System/Library/Frameworks/UIKit.framework; sourceTree = SDKROOT; };
		E63D264313ABCBE200138818 /* Foundation.framework */ = {isa = PBXFileReference; lastKnownFileType = wrapper.framework; name = Foundation.framework; path = System/Library/Frameworks/Foundation.framework; sourceTree = SDKROOT; };
		E63D264513ABCBE200138818 /* CoreGraphics.framework */ = {isa = PBXFileReference; lastKnownFileType = wrapper.framework; name = CoreGraphics.framework; path = System/Library/Frameworks/CoreGraphics.framework; sourceTree = SDKROOT; };
		E63D264913ABCBE200138818 /* Hi My Name Is-Info.plist */ = {isa = PBXFileReference; lastKnownFileType = text.plist.xml; path = "Hi My Name Is-Info.plist"; sourceTree = "<group>"; };
		E63D264B13ABCBE200138818 /* en */ = {isa = PBXFileReference; lastKnownFileType = text.plist.strings; name = en; path = en.lproj/InfoPlist.strings; sourceTree = "<group>"; };
		E63D264D13ABCBE200138818 /* Hi My Name Is-Prefix.pch */ = {isa = PBXFileReference; lastKnownFileType = sourcecode.c.h; path = "Hi My Name Is-Prefix.pch"; sourceTree = "<group>"; };
		E63D264E13ABCBE200138818 /* main.m */ = {isa = PBXFileReference; lastKnownFileType = sourcecode.c.objc; path = main.m; sourceTree = "<group>"; };
		E63D265013ABCBE200138818 /* Hi_My_Name_IsAppDelegate.h */ = {isa = PBXFileReference; lastKnownFileType = sourcecode.c.h; path = Hi_My_Name_IsAppDelegate.h; sourceTree = "<group>"; };
		E63D265113ABCBE200138818 /* Hi_My_Name_IsAppDelegate.m */ = {isa = PBXFileReference; lastKnownFileType = sourcecode.c.objc; path = Hi_My_Name_IsAppDelegate.m; sourceTree = "<group>"; };
		E63D265413ABCBE200138818 /* en */ = {isa = PBXFileReference; lastKnownFileType = file.xib; name = en; path = en.lproj/MainWindow.xib; sourceTree = "<group>"; };
		E63D265613ABCBE200138818 /* Hi_My_Name_IsViewController.h */ = {isa = PBXFileReference; lastKnownFileType = sourcecode.c.h; path = Hi_My_Name_IsViewController.h; sourceTree = "<group>"; };
		E63D265713ABCBE200138818 /* Hi_My_Name_IsViewController.m */ = {isa = PBXFileReference; lastKnownFileType = sourcecode.c.objc; path = Hi_My_Name_IsViewController.m; sourceTree = "<group>"; };
		E63D265A13ABCBE200138818 /* en */ = {isa = PBXFileReference; lastKnownFileType = file.xib; name = en; path = en.lproj/Hi_My_Name_IsViewController.xib; sourceTree = "<group>"; };
		E63D266113ABCC1000138818 /* Register.h */ = {isa = PBXFileReference; fileEncoding = 4; lastKnownFileType = sourcecode.c.h; path = Register.h; sourceTree = "<group>"; };
		E63D266213ABCC1000138818 /* Register.m */ = {isa = PBXFileReference; fileEncoding = 4; lastKnownFileType = sourcecode.c.objc; path = Register.m; sourceTree = "<group>"; };
/* End PBXFileReference section */

/* Begin PBXFrameworksBuildPhase section */
		E63D263A13ABCBE200138818 /* Frameworks */ = {
			isa = PBXFrameworksBuildPhase;
			buildActionMask = 2147483647;
			files = (
				E63D264213ABCBE200138818 /* UIKit.framework in Frameworks */,
				E63D264413ABCBE200138818 /* Foundation.framework in Frameworks */,
				E63D264613ABCBE200138818 /* CoreGraphics.framework in Frameworks */,
			);
			runOnlyForDeploymentPostprocessing = 0;
		};
/* End PBXFrameworksBuildPhase section */

/* Begin PBXGroup section */
		E63D263213ABCBE200138818 = {
			isa = PBXGroup;
			children = (
				E63D264713ABCBE200138818 /* Hi My Name Is */,
				E63D264013ABCBE200138818 /* Frameworks */,
				E63D263E13ABCBE200138818 /* Products */,
			);
			sourceTree = "<group>";
		};
		E63D263E13ABCBE200138818 /* Products */ = {
			isa = PBXGroup;
			children = (
				E63D263D13ABCBE200138818 /* Hi My Name Is.app */,
			);
			name = Products;
			sourceTree = "<group>";
		};
		E63D264013ABCBE200138818 /* Frameworks */ = {
			isa = PBXGroup;
			children = (
				E63D264113ABCBE200138818 /* UIKit.framework */,
				E63D264313ABCBE200138818 /* Foundation.framework */,
				E63D264513ABCBE200138818 /* CoreGraphics.framework */,
			);
			name = Frameworks;
			sourceTree = "<group>";
		};
		E63D264713ABCBE200138818 /* Hi My Name Is */ = {
			isa = PBXGroup;
			children = (
				E63D266413ABCC2400138818 /* Classes */,
				E63D264813ABCBE200138818 /* Supporting Files */,
			);
			path = "Hi My Name Is";
			sourceTree = "<group>";
		};
		E63D264813ABCBE200138818 /* Supporting Files */ = {
			isa = PBXGroup;
			children = (
				E63D266513ABCC4500138818 /* Resources */,
				E63D264913ABCBE200138818 /* Hi My Name Is-Info.plist */,
				E63D264A13ABCBE200138818 /* InfoPlist.strings */,
				E63D264D13ABCBE200138818 /* Hi My Name Is-Prefix.pch */,
				E63D264E13ABCBE200138818 /* main.m */,
			);
			name = "Supporting Files";
			sourceTree = "<group>";
		};
		E63D266413ABCC2400138818 /* Classes */ = {
			isa = PBXGroup;
			children = (
				E63D265013ABCBE200138818 /* Hi_My_Name_IsAppDelegate.h */,
				E63D265613ABCBE200138818 /* Hi_My_Name_IsViewController.h */,
				E63D265713ABCBE200138818 /* Hi_My_Name_IsViewController.m */,
				E63D265113ABCBE200138818 /* Hi_My_Name_IsAppDelegate.m */,
				E63D266113ABCC1000138818 /* Register.h */,
				E63D266213ABCC1000138818 /* Register.m */,
			);
			name = Classes;
			sourceTree = "<group>";
		};
		E63D266513ABCC4500138818 /* Resources */ = {
			isa = PBXGroup;
			children = (
				E63D265313ABCBE200138818 /* MainWindow.xib */,
				E63D265913ABCBE200138818 /* Hi_My_Name_IsViewController.xib */,
			);
			name = Resources;
			sourceTree = "<group>";
		};
/* End PBXGroup section */

/* Begin PBXNativeTarget section */
		E63D263C13ABCBE200138818 /* Hi My Name Is */ = {
			isa = PBXNativeTarget;
			buildConfigurationList = E63D265E13ABCBE200138818 /* Build configuration list for PBXNativeTarget "Hi My Name Is" */;
			buildPhases = (
				E63D263913ABCBE200138818 /* Sources */,
				E63D263A13ABCBE200138818 /* Frameworks */,
				E63D263B13ABCBE200138818 /* Resources */,
			);
			buildRules = (
			);
			dependencies = (
			);
			name = "Hi My Name Is";
			productName = "Hi My Name Is";
			productReference = E63D263D13ABCBE200138818 /* Hi My Name Is.app */;
			productType = "com.apple.product-type.application";
		};
/* End PBXNativeTarget section */

/* Begin PBXProject section */
		E63D263413ABCBE200138818 /* Project object */ = {
			isa = PBXProject;
			attributes = {
				ORGANIZATIONNAME = "Progressive Insurance";
			};
			buildConfigurationList = E63D263713ABCBE200138818 /* Build configuration list for PBXProject "Hi My Name Is" */;
			compatibilityVersion = "Xcode 3.2";
			developmentRegion = English;
			hasScannedForEncodings = 0;
			knownRegions = (
				en,
			);
			mainGroup = E63D263213ABCBE200138818;
			productRefGroup = E63D263E13ABCBE200138818 /* Products */;
			projectDirPath = "";
			projectRoot = "";
			targets = (
				E63D263C13ABCBE200138818 /* Hi My Name Is */,
			);
		};
/* End PBXProject section */

/* Begin PBXResourcesBuildPhase section */
		E63D263B13ABCBE200138818 /* Resources */ = {
			isa = PBXResourcesBuildPhase;
			buildActionMask = 2147483647;
			files = (
				E63D264C13ABCBE200138818 /* InfoPlist.strings in Resources */,
				E63D265513ABCBE200138818 /* MainWindow.xib in Resources */,
				E63D265B13ABCBE200138818 /* Hi_My_Name_IsViewController.xib in Resources */,
			);
			runOnlyForDeploymentPostprocessing = 0;
		};
/* End PBXResourcesBuildPhase section */

/* Begin PBXSourcesBuildPhase section */
		E63D263913ABCBE200138818 /* Sources */ = {
			isa = PBXSourcesBuildPhase;
			buildActionMask = 2147483647;
			files = (
				E63D264F13ABCBE200138818 /* main.m in Sources */,
				E63D265213ABCBE200138818 /* Hi_My_Name_IsAppDelegate.m in Sources */,
				E63D265813ABCBE200138818 /* Hi_My_Name_IsViewController.m in Sources */,
				E63D266313ABCC1000138818 /* Register.m in Sources */,
			);
			runOnlyForDeploymentPostprocessing = 0;
		};
/* End PBXSourcesBuildPhase section */

/* Begin PBXVariantGroup section */
		E63D264A13ABCBE200138818 /* InfoPlist.strings */ = {
			isa = PBXVariantGroup;
			children = (
				E63D264B13ABCBE200138818 /* en */,
			);
			name = InfoPlist.strings;
			sourceTree = "<group>";
		};
		E63D265313ABCBE200138818 /* MainWindow.xib */ = {
			isa = PBXVariantGroup;
			children = (
				E63D265413ABCBE200138818 /* en */,
			);
			name = MainWindow.xib;
			sourceTree = "<group>";
		};
		E63D265913ABCBE200138818 /* Hi_My_Name_IsViewController.xib */ = {
			isa = PBXVariantGroup;
			children = (
				E63D265A13ABCBE200138818 /* en */,
			);
			name = Hi_My_Name_IsViewController.xib;
			sourceTree = "<group>";
		};
/* End PBXVariantGroup section */

/* Begin XCBuildConfiguration section */
		E63D265C13ABCBE200138818 /* Debug */ = {
			isa = XCBuildConfiguration;
			buildSettings = {
				ARCHS = "$(ARCHS_STANDARD_32_BIT)";
				"CODE_SIGN_IDENTITY[sdk=iphoneos*]" = "iPhone Developer";
				GCC_C_LANGUAGE_STANDARD = gnu99;
				GCC_OPTIMIZATION_LEVEL = 0;
				GCC_PREPROCESSOR_DEFINITIONS = DEBUG;
				GCC_SYMBOLS_PRIVATE_EXTERN = NO;
				GCC_VERSION = com.apple.compilers.llvmgcc42;
				GCC_WARN_ABOUT_RETURN_TYPE = YES;
				GCC_WARN_UNUSED_VARIABLE = YES;
				IPHONEOS_DEPLOYMENT_TARGET = 4.3;
				SDKROOT = iphoneos;
			};
			name = Debug;
		};
		E63D265D13ABCBE200138818 /* Release */ = {
			isa = XCBuildConfiguration;
			buildSettings = {
				ARCHS = "$(ARCHS_STANDARD_32_BIT)";
				"CODE_SIGN_IDENTITY[sdk=iphoneos*]" = "iPhone Developer";
				GCC_C_LANGUAGE_STANDARD = gnu99;
				GCC_VERSION = com.apple.compilers.llvmgcc42;
				GCC_WARN_ABOUT_RETURN_TYPE = YES;
				GCC_WARN_UNUSED_VARIABLE = YES;
				IPHONEOS_DEPLOYMENT_TARGET = 4.3;
				OTHER_CFLAGS = "-DNS_BLOCK_ASSERTIONS=1";
				SDKROOT = iphoneos;
			};
			name = Release;
		};
		E63D265F13ABCBE200138818 /* Debug */ = {
			isa = XCBuildConfiguration;
			buildSettings = {
				ALWAYS_SEARCH_USER_PATHS = NO;
				COPY_PHASE_STRIP = NO;
				GCC_DYNAMIC_NO_PIC = NO;
				GCC_PRECOMPILE_PREFIX_HEADER = YES;
				GCC_PREFIX_HEADER = "Hi My Name Is/Hi My Name Is-Prefix.pch";
				INFOPLIST_FILE = "Hi My Name Is/Hi My Name Is-Info.plist";
				PRODUCT_NAME = "$(TARGET_NAME)";
				WRAPPER_EXTENSION = app;
			};
			name = Debug;
		};
		E63D266013ABCBE200138818 /* Release */ = {
			isa = XCBuildConfiguration;
			buildSettings = {
				ALWAYS_SEARCH_USER_PATHS = NO;
				COPY_PHASE_STRIP = YES;
				GCC_PRECOMPILE_PREFIX_HEADER = YES;
				GCC_PREFIX_HEADER = "Hi My Name Is/Hi My Name Is-Prefix.pch";
				INFOPLIST_FILE = "Hi My Name Is/Hi My Name Is-Info.plist";
				PRODUCT_NAME = "$(TARGET_NAME)";
				VALIDATE_PRODUCT = YES;
				WRAPPER_EXTENSION = app;
			};
			name = Release;
		};
/* End XCBuildConfiguration section */

/* Begin XCConfigurationList section */
		E63D263713ABCBE200138818 /* Build configuration list for PBXProject "Hi My Name Is" */ = {
			isa = XCConfigurationList;
			buildConfigurations = (
				E63D265C13ABCBE200138818 /* Debug */,
				E63D265D13ABCBE200138818 /* Release */,
			);
			defaultConfigurationIsVisible = 0;
			defaultConfigurationName = Release;
		};
		E63D265E13ABCBE200138818 /* Build configuration list for PBXNativeTarget "Hi My Name Is" */ = {
			isa = XCConfigurationList;
			buildConfigurations = (
				E63D265F13ABCBE200138818 /* Debug */,
				E63D266013ABCBE200138818 /* Release */,
			);
			defaultConfigurationIsVisible = 0;
		};
/* End XCConfigurationList section */
	};
	rootObject = E63D263413ABCBE200138818 /* Project object */;
}
