// !$*UTF8*$!
{
	archiveVersion = 1;
	classes = {
	};
	objectVersion = 46;
	objects = {

/* Begin PBXBuildFile section */
		E6C5B35313ABABF000091F44 /* UIKit.framework in Frameworks */ = {isa = PBXBuildFile; fileRef = E6C5B35213ABABF000091F44 /* UIKit.framework */; };
		E6C5B35513ABABF000091F44 /* Foundation.framework in Frameworks */ = {isa = PBXBuildFile; fileRef = E6C5B35413ABABF000091F44 /* Foundation.framework */; };
		E6C5B35713ABABF000091F44 /* CoreGraphics.framework in Frameworks */ = {isa = PBXBuildFile; fileRef = E6C5B35613ABABF000091F44 /* CoreGraphics.framework */; };
		E6C5B35D13ABABF000091F44 /* InfoPlist.strings in Resources */ = {isa = PBXBuildFile; fileRef = E6C5B35B13ABABF000091F44 /* InfoPlist.strings */; };
		E6C5B36013ABABF000091F44 /* main.m in Sources */ = {isa = PBXBuildFile; fileRef = E6C5B35F13ABABF000091F44 /* main.m */; };
		E6C5B36313ABABF000091F44 /* HelloWorldAppDelegate.m in Sources */ = {isa = PBXBuildFile; fileRef = E6C5B36213ABABF000091F44 /* HelloWorldAppDelegate.m */; };
		E6C5B36613ABABF000091F44 /* MainWindow.xib in Resources */ = {isa = PBXBuildFile; fileRef = E6C5B36413ABABF000091F44 /* MainWindow.xib */; };
		E6C5B36913ABABF000091F44 /* HelloWorldViewController.m in Sources */ = {isa = PBXBuildFile; fileRef = E6C5B36813ABABF000091F44 /* HelloWorldViewController.m */; };
		E6C5B36C13ABABF000091F44 /* HelloWorldViewController.xib in Resources */ = {isa = PBXBuildFile; fileRef = E6C5B36A13ABABF000091F44 /* HelloWorldViewController.xib */; };
/* End PBXBuildFile section */

/* Begin PBXFileReference section */
		E6C5B34E13ABABF000091F44 /* HelloWorld.app */ = {isa = PBXFileReference; explicitFileType = wrapper.application; includeInIndex = 0; path = HelloWorld.app; sourceTree = BUILT_PRODUCTS_DIR; };
		E6C5B35213ABABF000091F44 /* UIKit.framework */ = {isa = PBXFileReference; lastKnownFileType = wrapper.framework; name = UIKit.framework; path = System/Library/Frameworks/UIKit.framework; sourceTree = SDKROOT; };
		E6C5B35413ABABF000091F44 /* Foundation.framework */ = {isa = PBXFileReference; lastKnownFileType = wrapper.framework; name = Foundation.framework; path = System/Library/Frameworks/Foundation.framework; sourceTree = SDKROOT; };
		E6C5B35613ABABF000091F44 /* CoreGraphics.framework */ = {isa = PBXFileReference; lastKnownFileType = wrapper.framework; name = CoreGraphics.framework; path = System/Library/Frameworks/CoreGraphics.framework; sourceTree = SDKROOT; };
		E6C5B35A13ABABF000091F44 /* HelloWorld-Info.plist */ = {isa = PBXFileReference; lastKnownFileType = text.plist.xml; path = "HelloWorld-Info.plist"; sourceTree = "<group>"; };
		E6C5B35C13ABABF000091F44 /* en */ = {isa = PBXFileReference; lastKnownFileType = text.plist.strings; name = en; path = en.lproj/InfoPlist.strings; sourceTree = "<group>"; };
		E6C5B35E13ABABF000091F44 /* HelloWorld-Prefix.pch */ = {isa = PBXFileReference; lastKnownFileType = sourcecode.c.h; path = "HelloWorld-Prefix.pch"; sourceTree = "<group>"; };
		E6C5B35F13ABABF000091F44 /* main.m */ = {isa = PBXFileReference; lastKnownFileType = sourcecode.c.objc; path = main.m; sourceTree = "<group>"; };
		E6C5B36113ABABF000091F44 /* HelloWorldAppDelegate.h */ = {isa = PBXFileReference; lastKnownFileType = sourcecode.c.h; path = HelloWorldAppDelegate.h; sourceTree = "<group>"; };
		E6C5B36213ABABF000091F44 /* HelloWorldAppDelegate.m */ = {isa = PBXFileReference; lastKnownFileType = sourcecode.c.objc; path = HelloWorldAppDelegate.m; sourceTree = "<group>"; };
		E6C5B36513ABABF000091F44 /* en */ = {isa = PBXFileReference; lastKnownFileType = file.xib; name = en; path = en.lproj/MainWindow.xib; sourceTree = "<group>"; };
		E6C5B36713ABABF000091F44 /* HelloWorldViewController.h */ = {isa = PBXFileReference; lastKnownFileType = sourcecode.c.h; path = HelloWorldViewController.h; sourceTree = "<group>"; };
		E6C5B36813ABABF000091F44 /* HelloWorldViewController.m */ = {isa = PBXFileReference; lastKnownFileType = sourcecode.c.objc; path = HelloWorldViewController.m; sourceTree = "<group>"; };
		E6C5B36B13ABABF000091F44 /* en */ = {isa = PBXFileReference; lastKnownFileType = file.xib; name = en; path = en.lproj/HelloWorldViewController.xib; sourceTree = "<group>"; };
/* End PBXFileReference section */

/* Begin PBXFrameworksBuildPhase section */
		E6C5B34B13ABABF000091F44 /* Frameworks */ = {
			isa = PBXFrameworksBuildPhase;
			buildActionMask = 2147483647;
			files = (
				E6C5B35313ABABF000091F44 /* UIKit.framework in Frameworks */,
				E6C5B35513ABABF000091F44 /* Foundation.framework in Frameworks */,
				E6C5B35713ABABF000091F44 /* CoreGraphics.framework in Frameworks */,
			);
			runOnlyForDeploymentPostprocessing = 0;
		};
/* End PBXFrameworksBuildPhase section */

/* Begin PBXGroup section */
		E6C5B34313ABABEF00091F44 = {
			isa = PBXGroup;
			children = (
				E6C5B35813ABABF000091F44 /* HelloWorld */,
				E6C5B35113ABABF000091F44 /* Frameworks */,
				E6C5B34F13ABABF000091F44 /* Products */,
			);
			sourceTree = "<group>";
		};
		E6C5B34F13ABABF000091F44 /* Products */ = {
			isa = PBXGroup;
			children = (
				E6C5B34E13ABABF000091F44 /* HelloWorld.app */,
			);
			name = Products;
			sourceTree = "<group>";
		};
		E6C5B35113ABABF000091F44 /* Frameworks */ = {
			isa = PBXGroup;
			children = (
				E6C5B35213ABABF000091F44 /* UIKit.framework */,
				E6C5B35413ABABF000091F44 /* Foundation.framework */,
				E6C5B35613ABABF000091F44 /* CoreGraphics.framework */,
			);
			name = Frameworks;
			sourceTree = "<group>";
		};
		E6C5B35813ABABF000091F44 /* HelloWorld */ = {
			isa = PBXGroup;
			children = (
				E6C5B36113ABABF000091F44 /* HelloWorldAppDelegate.h */,
				E6C5B36213ABABF000091F44 /* HelloWorldAppDelegate.m */,
				E6C5B36413ABABF000091F44 /* MainWindow.xib */,
				E6C5B36713ABABF000091F44 /* HelloWorldViewController.h */,
				E6C5B36813ABABF000091F44 /* HelloWorldViewController.m */,
				E6C5B36A13ABABF000091F44 /* HelloWorldViewController.xib */,
				E6C5B35913ABABF000091F44 /* Supporting Files */,
			);
			path = HelloWorld;
			sourceTree = "<group>";
		};
		E6C5B35913ABABF000091F44 /* Supporting Files */ = {
			isa = PBXGroup;
			children = (
				E6C5B35A13ABABF000091F44 /* HelloWorld-Info.plist */,
				E6C5B35B13ABABF000091F44 /* InfoPlist.strings */,
				E6C5B35E13ABABF000091F44 /* HelloWorld-Prefix.pch */,
				E6C5B35F13ABABF000091F44 /* main.m */,
			);
			name = "Supporting Files";
			sourceTree = "<group>";
		};
/* End PBXGroup section */

/* Begin PBXNativeTarget section */
		E6C5B34D13ABABF000091F44 /* HelloWorld */ = {
			isa = PBXNativeTarget;
			buildConfigurationList = E6C5B36F13ABABF000091F44 /* Build configuration list for PBXNativeTarget "HelloWorld" */;
			buildPhases = (
				E6C5B34A13ABABF000091F44 /* Sources */,
				E6C5B34B13ABABF000091F44 /* Frameworks */,
				E6C5B34C13ABABF000091F44 /* Resources */,
			);
			buildRules = (
			);
			dependencies = (
			);
			name = HelloWorld;
			productName = HelloWorld;
			productReference = E6C5B34E13ABABF000091F44 /* HelloWorld.app */;
			productType = "com.apple.product-type.application";
		};
/* End PBXNativeTarget section */

/* Begin PBXProject section */
		E6C5B34513ABABEF00091F44 /* Project object */ = {
			isa = PBXProject;
			attributes = {
				ORGANIZATIONNAME = "Progressive Insurance";
			};
			buildConfigurationList = E6C5B34813ABABEF00091F44 /* Build configuration list for PBXProject "HelloWorld" */;
			compatibilityVersion = "Xcode 3.2";
			developmentRegion = English;
			hasScannedForEncodings = 0;
			knownRegions = (
				en,
			);
			mainGroup = E6C5B34313ABABEF00091F44;
			productRefGroup = E6C5B34F13ABABF000091F44 /* Products */;
			projectDirPath = "";
			projectRoot = "";
			targets = (
				E6C5B34D13ABABF000091F44 /* HelloWorld */,
			);
		};
/* End PBXProject section */

/* Begin PBXResourcesBuildPhase section */
		E6C5B34C13ABABF000091F44 /* Resources */ = {
			isa = PBXResourcesBuildPhase;
			buildActionMask = 2147483647;
			files = (
				E6C5B35D13ABABF000091F44 /* InfoPlist.strings in Resources */,
				E6C5B36613ABABF000091F44 /* MainWindow.xib in Resources */,
				E6C5B36C13ABABF000091F44 /* HelloWorldViewController.xib in Resources */,
			);
			runOnlyForDeploymentPostprocessing = 0;
		};
/* End PBXResourcesBuildPhase section */

/* Begin PBXSourcesBuildPhase section */
		E6C5B34A13ABABF000091F44 /* Sources */ = {
			isa = PBXSourcesBuildPhase;
			buildActionMask = 2147483647;
			files = (
				E6C5B36013ABABF000091F44 /* main.m in Sources */,
				E6C5B36313ABABF000091F44 /* HelloWorldAppDelegate.m in Sources */,
				E6C5B36913ABABF000091F44 /* HelloWorldViewController.m in Sources */,
			);
			runOnlyForDeploymentPostprocessing = 0;
		};
/* End PBXSourcesBuildPhase section */

/* Begin PBXVariantGroup section */
		E6C5B35B13ABABF000091F44 /* InfoPlist.strings */ = {
			isa = PBXVariantGroup;
			children = (
				E6C5B35C13ABABF000091F44 /* en */,
			);
			name = InfoPlist.strings;
			sourceTree = "<group>";
		};
		E6C5B36413ABABF000091F44 /* MainWindow.xib */ = {
			isa = PBXVariantGroup;
			children = (
				E6C5B36513ABABF000091F44 /* en */,
			);
			name = MainWindow.xib;
			sourceTree = "<group>";
		};
		E6C5B36A13ABABF000091F44 /* HelloWorldViewController.xib */ = {
			isa = PBXVariantGroup;
			children = (
				E6C5B36B13ABABF000091F44 /* en */,
			);
			name = HelloWorldViewController.xib;
			sourceTree = "<group>";
		};
/* End PBXVariantGroup section */

/* Begin XCBuildConfiguration section */
		E6C5B36D13ABABF000091F44 /* Debug */ = {
			isa = XCBuildConfiguration;
			buildSettings = {
				ARCHS = "$(ARCHS_STANDARD_32_BIT)";
				"CODE_SIGN_IDENTITY[sdk=iphoneos*]" = "iPhone Developer";
				GCC_C_LANGUAGE_STANDARD = gnu99;
				GCC_OPTIMIZATION_LEVEL = 0;
				GCC_PREPROCESSOR_DEFINITIONS = DEBUG;
				GCC_SYMBOLS_PRIVATE_EXTERN = NO;
				GCC_VERSION = com.apple.compilers.llvmgcc42;
				GCC_WARN_ABOUT_RETURN_TYPE = YES;
				GCC_WARN_UNUSED_VARIABLE = YES;
				IPHONEOS_DEPLOYMENT_TARGET = 4.3;
				SDKROOT = iphoneos;
			};
			name = Debug;
		};
		E6C5B36E13ABABF000091F44 /* Release */ = {
			isa = XCBuildConfiguration;
			buildSettings = {
				ARCHS = "$(ARCHS_STANDARD_32_BIT)";
				"CODE_SIGN_IDENTITY[sdk=iphoneos*]" = "iPhone Developer";
				GCC_C_LANGUAGE_STANDARD = gnu99;
				GCC_VERSION = com.apple.compilers.llvmgcc42;
				GCC_WARN_ABOUT_RETURN_TYPE = YES;
				GCC_WARN_UNUSED_VARIABLE = YES;
				IPHONEOS_DEPLOYMENT_TARGET = 4.3;
				OTHER_CFLAGS = "-DNS_BLOCK_ASSERTIONS=1";
				SDKROOT = iphoneos;
			};
			name = Release;
		};
		E6C5B37013ABABF000091F44 /* Debug */ = {
			isa = XCBuildConfiguration;
			buildSettings = {
				ALWAYS_SEARCH_USER_PATHS = NO;
				COPY_PHASE_STRIP = NO;
				GCC_DYNAMIC_NO_PIC = NO;
				GCC_PRECOMPILE_PREFIX_HEADER = YES;
				GCC_PREFIX_HEADER = "HelloWorld/HelloWorld-Prefix.pch";
				INFOPLIST_FILE = "HelloWorld/HelloWorld-Info.plist";
				PRODUCT_NAME = "$(TARGET_NAME)";
				WRAPPER_EXTENSION = app;
			};
			name = Debug;
		};
		E6C5B37113ABABF000091F44 /* Release */ = {
			isa = XCBuildConfiguration;
			buildSettings = {
				ALWAYS_SEARCH_USER_PATHS = NO;
				COPY_PHASE_STRIP = YES;
				GCC_PRECOMPILE_PREFIX_HEADER = YES;
				GCC_PREFIX_HEADER = "HelloWorld/HelloWorld-Prefix.pch";
				INFOPLIST_FILE = "HelloWorld/HelloWorld-Info.plist";
				PRODUCT_NAME = "$(TARGET_NAME)";
				VALIDATE_PRODUCT = YES;
				WRAPPER_EXTENSION = app;
			};
			name = Release;
		};
/* End XCBuildConfiguration section */

/* Begin XCConfigurationList section */
		E6C5B34813ABABEF00091F44 /* Build configuration list for PBXProject "HelloWorld" */ = {
			isa = XCConfigurationList;
			buildConfigurations = (
				E6C5B36D13ABABF000091F44 /* Debug */,
				E6C5B36E13ABABF000091F44 /* Release */,
			);
			defaultConfigurationIsVisible = 0;
			defaultConfigurationName = Release;
		};
		E6C5B36F13ABABF000091F44 /* Build configuration list for PBXNativeTarget "HelloWorld" */ = {
			isa = XCConfigurationList;
			buildConfigurations = (
				E6C5B37013ABABF000091F44 /* Debug */,
				E6C5B37113ABABF000091F44 /* Release */,
			);
			defaultConfigurationIsVisible = 0;
		};
/* End XCConfigurationList section */
	};
	rootObject = E6C5B34513ABABEF00091F44 /* Project object */;
}
