// !$*UTF8*$!
{
	archiveVersion = 1;
	classes = {
	};
	objectVersion = 46;
	objects = {

/* Begin PBXBuildFile section */
		E63D273613AD591300138818 /* UIKit.framework in Frameworks */ = {isa = PBXBuildFile; fileRef = E63D273513AD591300138818 /* UIKit.framework */; };
		E63D273813AD591300138818 /* Foundation.framework in Frameworks */ = {isa = PBXBuildFile; fileRef = E63D273713AD591300138818 /* Foundation.framework */; };
		E63D273A13AD591300138818 /* CoreGraphics.framework in Frameworks */ = {isa = PBXBuildFile; fileRef = E63D273913AD591300138818 /* CoreGraphics.framework */; };
		E63D274013AD591300138818 /* InfoPlist.strings in Resources */ = {isa = PBXBuildFile; fileRef = E63D273E13AD591300138818 /* InfoPlist.strings */; };
		E63D274313AD591300138818 /* main.m in Sources */ = {isa = PBXBuildFile; fileRef = E63D274213AD591300138818 /* main.m */; };
		E63D274613AD591300138818 /* Exercise13_TableAppDelegate.m in Sources */ = {isa = PBXBuildFile; fileRef = E63D274513AD591300138818 /* Exercise13_TableAppDelegate.m */; };
		E63D274913AD591300138818 /* MainWindow.xib in Resources */ = {isa = PBXBuildFile; fileRef = E63D274713AD591300138818 /* MainWindow.xib */; };
		E63D274C13AD591300138818 /* Exercise13_TableViewController.m in Sources */ = {isa = PBXBuildFile; fileRef = E63D274B13AD591300138818 /* Exercise13_TableViewController.m */; };
		E63D274F13AD591300138818 /* Exercise13_TableViewController.xib in Resources */ = {isa = PBXBuildFile; fileRef = E63D274D13AD591300138818 /* Exercise13_TableViewController.xib */; };
/* End PBXBuildFile section */

/* Begin PBXFileReference section */
		E63D273113AD591300138818 /* Exercise13-Table.app */ = {isa = PBXFileReference; explicitFileType = wrapper.application; includeInIndex = 0; path = "Exercise13-Table.app"; sourceTree = BUILT_PRODUCTS_DIR; };
		E63D273513AD591300138818 /* UIKit.framework */ = {isa = PBXFileReference; lastKnownFileType = wrapper.framework; name = UIKit.framework; path = System/Library/Frameworks/UIKit.framework; sourceTree = SDKROOT; };
		E63D273713AD591300138818 /* Foundation.framework */ = {isa = PBXFileReference; lastKnownFileType = wrapper.framework; name = Foundation.framework; path = System/Library/Frameworks/Foundation.framework; sourceTree = SDKROOT; };
		E63D273913AD591300138818 /* CoreGraphics.framework */ = {isa = PBXFileReference; lastKnownFileType = wrapper.framework; name = CoreGraphics.framework; path = System/Library/Frameworks/CoreGraphics.framework; sourceTree = SDKROOT; };
		E63D273D13AD591300138818 /* Exercise13-Table-Info.plist */ = {isa = PBXFileReference; lastKnownFileType = text.plist.xml; path = "Exercise13-Table-Info.plist"; sourceTree = "<group>"; };
		E63D273F13AD591300138818 /* en */ = {isa = PBXFileReference; lastKnownFileType = text.plist.strings; name = en; path = en.lproj/InfoPlist.strings; sourceTree = "<group>"; };
		E63D274113AD591300138818 /* Exercise13-Table-Prefix.pch */ = {isa = PBXFileReference; lastKnownFileType = sourcecode.c.h; path = "Exercise13-Table-Prefix.pch"; sourceTree = "<group>"; };
		E63D274213AD591300138818 /* main.m */ = {isa = PBXFileReference; lastKnownFileType = sourcecode.c.objc; path = main.m; sourceTree = "<group>"; };
		E63D274413AD591300138818 /* Exercise13_TableAppDelegate.h */ = {isa = PBXFileReference; lastKnownFileType = sourcecode.c.h; path = Exercise13_TableAppDelegate.h; sourceTree = "<group>"; };
		E63D274513AD591300138818 /* Exercise13_TableAppDelegate.m */ = {isa = PBXFileReference; lastKnownFileType = sourcecode.c.objc; path = Exercise13_TableAppDelegate.m; sourceTree = "<group>"; };
		E63D274813AD591300138818 /* en */ = {isa = PBXFileReference; lastKnownFileType = file.xib; name = en; path = en.lproj/MainWindow.xib; sourceTree = "<group>"; };
		E63D274A13AD591300138818 /* Exercise13_TableViewController.h */ = {isa = PBXFileReference; lastKnownFileType = sourcecode.c.h; path = Exercise13_TableViewController.h; sourceTree = "<group>"; };
		E63D274B13AD591300138818 /* Exercise13_TableViewController.m */ = {isa = PBXFileReference; lastKnownFileType = sourcecode.c.objc; path = Exercise13_TableViewController.m; sourceTree = "<group>"; };
		E63D274E13AD591300138818 /* en */ = {isa = PBXFileReference; lastKnownFileType = file.xib; name = en; path = en.lproj/Exercise13_TableViewController.xib; sourceTree = "<group>"; };
/* End PBXFileReference section */

/* Begin PBXFrameworksBuildPhase section */
		E63D272E13AD591300138818 /* Frameworks */ = {
			isa = PBXFrameworksBuildPhase;
			buildActionMask = 2147483647;
			files = (
				E63D273613AD591300138818 /* UIKit.framework in Frameworks */,
				E63D273813AD591300138818 /* Foundation.framework in Frameworks */,
				E63D273A13AD591300138818 /* CoreGraphics.framework in Frameworks */,
			);
			runOnlyForDeploymentPostprocessing = 0;
		};
/* End PBXFrameworksBuildPhase section */

/* Begin PBXGroup section */
		E63D272613AD591300138818 = {
			isa = PBXGroup;
			children = (
				E63D273B13AD591300138818 /* Exercise13-Table */,
				E63D273413AD591300138818 /* Frameworks */,
				E63D273213AD591300138818 /* Products */,
			);
			sourceTree = "<group>";
		};
		E63D273213AD591300138818 /* Products */ = {
			isa = PBXGroup;
			children = (
				E63D273113AD591300138818 /* Exercise13-Table.app */,
			);
			name = Products;
			sourceTree = "<group>";
		};
		E63D273413AD591300138818 /* Frameworks */ = {
			isa = PBXGroup;
			children = (
				E63D273513AD591300138818 /* UIKit.framework */,
				E63D273713AD591300138818 /* Foundation.framework */,
				E63D273913AD591300138818 /* CoreGraphics.framework */,
			);
			name = Frameworks;
			sourceTree = "<group>";
		};
		E63D273B13AD591300138818 /* Exercise13-Table */ = {
			isa = PBXGroup;
			children = (
				E63D275513AD591D00138818 /* Classes */,
				E63D275613AD592800138818 /* Resources */,
				E63D273C13AD591300138818 /* Supporting Files */,
			);
			path = "Exercise13-Table";
			sourceTree = "<group>";
		};
		E63D273C13AD591300138818 /* Supporting Files */ = {
			isa = PBXGroup;
			children = (
				E63D273D13AD591300138818 /* Exercise13-Table-Info.plist */,
				E63D273E13AD591300138818 /* InfoPlist.strings */,
				E63D274113AD591300138818 /* Exercise13-Table-Prefix.pch */,
				E63D274213AD591300138818 /* main.m */,
			);
			name = "Supporting Files";
			sourceTree = "<group>";
		};
		E63D275513AD591D00138818 /* Classes */ = {
			isa = PBXGroup;
			children = (
				E63D274413AD591300138818 /* Exercise13_TableAppDelegate.h */,
				E63D274513AD591300138818 /* Exercise13_TableAppDelegate.m */,
				E63D274A13AD591300138818 /* Exercise13_TableViewController.h */,
				E63D274B13AD591300138818 /* Exercise13_TableViewController.m */,
			);
			name = Classes;
			sourceTree = "<group>";
		};
		E63D275613AD592800138818 /* Resources */ = {
			isa = PBXGroup;
			children = (
				E63D275713AD593200138818 /* XIBs */,
			);
			name = Resources;
			sourceTree = "<group>";
		};
		E63D275713AD593200138818 /* XIBs */ = {
			isa = PBXGroup;
			children = (
				E63D274713AD591300138818 /* MainWindow.xib */,
				E63D274D13AD591300138818 /* Exercise13_TableViewController.xib */,
			);
			name = XIBs;
			sourceTree = "<group>";
		};
/* End PBXGroup section */

/* Begin PBXNativeTarget section */
		E63D273013AD591300138818 /* Exercise13-Table */ = {
			isa = PBXNativeTarget;
			buildConfigurationList = E63D275213AD591300138818 /* Build configuration list for PBXNativeTarget "Exercise13-Table" */;
			buildPhases = (
				E63D272D13AD591300138818 /* Sources */,
				E63D272E13AD591300138818 /* Frameworks */,
				E63D272F13AD591300138818 /* Resources */,
			);
			buildRules = (
			);
			dependencies = (
			);
			name = "Exercise13-Table";
			productName = "Exercise13-Table";
			productReference = E63D273113AD591300138818 /* Exercise13-Table.app */;
			productType = "com.apple.product-type.application";
		};
/* End PBXNativeTarget section */

/* Begin PBXProject section */
		E63D272813AD591300138818 /* Project object */ = {
			isa = PBXProject;
			attributes = {
				ORGANIZATIONNAME = "Progressive Insurance";
			};
			buildConfigurationList = E63D272B13AD591300138818 /* Build configuration list for PBXProject "Exercise13-Table" */;
			compatibilityVersion = "Xcode 3.2";
			developmentRegion = English;
			hasScannedForEncodings = 0;
			knownRegions = (
				en,
			);
			mainGroup = E63D272613AD591300138818;
			productRefGroup = E63D273213AD591300138818 /* Products */;
			projectDirPath = "";
			projectRoot = "";
			targets = (
				E63D273013AD591300138818 /* Exercise13-Table */,
			);
		};
/* End PBXProject section */

/* Begin PBXResourcesBuildPhase section */
		E63D272F13AD591300138818 /* Resources */ = {
			isa = PBXResourcesBuildPhase;
			buildActionMask = 2147483647;
			files = (
				E63D274013AD591300138818 /* InfoPlist.strings in Resources */,
				E63D274913AD591300138818 /* MainWindow.xib in Resources */,
				E63D274F13AD591300138818 /* Exercise13_TableViewController.xib in Resources */,
			);
			runOnlyForDeploymentPostprocessing = 0;
		};
/* End PBXResourcesBuildPhase section */

/* Begin PBXSourcesBuildPhase section */
		E63D272D13AD591300138818 /* Sources */ = {
			isa = PBXSourcesBuildPhase;
			buildActionMask = 2147483647;
			files = (
				E63D274313AD591300138818 /* main.m in Sources */,
				E63D274613AD591300138818 /* Exercise13_TableAppDelegate.m in Sources */,
				E63D274C13AD591300138818 /* Exercise13_TableViewController.m in Sources */,
			);
			runOnlyForDeploymentPostprocessing = 0;
		};
/* End PBXSourcesBuildPhase section */

/* Begin PBXVariantGroup section */
		E63D273E13AD591300138818 /* InfoPlist.strings */ = {
			isa = PBXVariantGroup;
			children = (
				E63D273F13AD591300138818 /* en */,
			);
			name = InfoPlist.strings;
			sourceTree = "<group>";
		};
		E63D274713AD591300138818 /* MainWindow.xib */ = {
			isa = PBXVariantGroup;
			children = (
				E63D274813AD591300138818 /* en */,
			);
			name = MainWindow.xib;
			sourceTree = "<group>";
		};
		E63D274D13AD591300138818 /* Exercise13_TableViewController.xib */ = {
			isa = PBXVariantGroup;
			children = (
				E63D274E13AD591300138818 /* en */,
			);
			name = Exercise13_TableViewController.xib;
			sourceTree = "<group>";
		};
/* End PBXVariantGroup section */

/* Begin XCBuildConfiguration section */
		E63D275013AD591300138818 /* Debug */ = {
			isa = XCBuildConfiguration;
			buildSettings = {
				ARCHS = "$(ARCHS_STANDARD_32_BIT)";
				"CODE_SIGN_IDENTITY[sdk=iphoneos*]" = "iPhone Developer";
				GCC_C_LANGUAGE_STANDARD = gnu99;
				GCC_OPTIMIZATION_LEVEL = 0;
				GCC_PREPROCESSOR_DEFINITIONS = DEBUG;
				GCC_SYMBOLS_PRIVATE_EXTERN = NO;
				GCC_VERSION = com.apple.compilers.llvmgcc42;
				GCC_WARN_ABOUT_RETURN_TYPE = YES;
				GCC_WARN_UNUSED_VARIABLE = YES;
				IPHONEOS_DEPLOYMENT_TARGET = 4.3;
				SDKROOT = iphoneos;
			};
			name = Debug;
		};
		E63D275113AD591300138818 /* Release */ = {
			isa = XCBuildConfiguration;
			buildSettings = {
				ARCHS = "$(ARCHS_STANDARD_32_BIT)";
				"CODE_SIGN_IDENTITY[sdk=iphoneos*]" = "iPhone Developer";
				GCC_C_LANGUAGE_STANDARD = gnu99;
				GCC_VERSION = com.apple.compilers.llvmgcc42;
				GCC_WARN_ABOUT_RETURN_TYPE = YES;
				GCC_WARN_UNUSED_VARIABLE = YES;
				IPHONEOS_DEPLOYMENT_TARGET = 4.3;
				OTHER_CFLAGS = "-DNS_BLOCK_ASSERTIONS=1";
				SDKROOT = iphoneos;
			};
			name = Release;
		};
		E63D275313AD591300138818 /* Debug */ = {
			isa = XCBuildConfiguration;
			buildSettings = {
				ALWAYS_SEARCH_USER_PATHS = NO;
				COPY_PHASE_STRIP = NO;
				GCC_DYNAMIC_NO_PIC = NO;
				GCC_PRECOMPILE_PREFIX_HEADER = YES;
				GCC_PREFIX_HEADER = "Exercise13-Table/Exercise13-Table-Prefix.pch";
				INFOPLIST_FILE = "Exercise13-Table/Exercise13-Table-Info.plist";
				PRODUCT_NAME = "$(TARGET_NAME)";
				WRAPPER_EXTENSION = app;
			};
			name = Debug;
		};
		E63D275413AD591300138818 /* Release */ = {
			isa = XCBuildConfiguration;
			buildSettings = {
				ALWAYS_SEARCH_USER_PATHS = NO;
				COPY_PHASE_STRIP = YES;
				GCC_PRECOMPILE_PREFIX_HEADER = YES;
				GCC_PREFIX_HEADER = "Exercise13-Table/Exercise13-Table-Prefix.pch";
				INFOPLIST_FILE = "Exercise13-Table/Exercise13-Table-Info.plist";
				PRODUCT_NAME = "$(TARGET_NAME)";
				VALIDATE_PRODUCT = YES;
				WRAPPER_EXTENSION = app;
			};
			name = Release;
		};
/* End XCBuildConfiguration section */

/* Begin XCConfigurationList section */
		E63D272B13AD591300138818 /* Build configuration list for PBXProject "Exercise13-Table" */ = {
			isa = XCConfigurationList;
			buildConfigurations = (
				E63D275013AD591300138818 /* Debug */,
				E63D275113AD591300138818 /* Release */,
			);
			defaultConfigurationIsVisible = 0;
			defaultConfigurationName = Release;
		};
		E63D275213AD591300138818 /* Build configuration list for PBXNativeTarget "Exercise13-Table" */ = {
			isa = XCConfigurationList;
			buildConfigurations = (
				E63D275313AD591300138818 /* Debug */,
				E63D275413AD591300138818 /* Release */,
			);
			defaultConfigurationIsVisible = 0;
		};
/* End XCConfigurationList section */
	};
	rootObject = E63D272813AD591300138818 /* Project object */;
}
